
Microsoft Visual Studio Solution File, Format Version 12.00
# Visual Studio Version 16
VisualStudioVersion = 16.0.31410.357
MinimumVisualStudioVersion = 10.0.40219.1
Project("{FAE04EC0-301F-11D3-BF4B-00C04F79EFBC}") = "Проекция данных", "Проекция данных\Проекция данных.csproj", "{C853BF3B-DAEA-4AEB-8CCA-C0C885888DFF}"
EndProject
Global
	GlobalSection(SolutionConfigurationPlatforms) = preSolution
		Debug|Any CPU = Debug|Any CPU
		Release|Any CPU = Release|Any CPU
	EndGlobalSection
	GlobalSection(ProjectConfigurationPlatforms) = postSolution
		{C853BF3B-DAEA-4AEB-8CCA-C0C885888DFF}.Debug|Any CPU.ActiveCfg = Debug|Any CPU
		{C853BF3B-DAEA-4AEB-8CCA-C0C885888DFF}.Debug|Any CPU.Build.0 = Debug|Any CPU
		{C853BF3B-DAEA-4AEB-8CCA-C0C885888DFF}.Release|Any CPU.ActiveCfg = Release|Any CPU
		{C853BF3B-DAEA-4AEB-8CCA-C0C885888DFF}.Release|Any CPU.Build.0 = Release|Any CPU
	EndGlobalSection
	GlobalSection(SolutionProperties) = preSolution
		HideSolutionNode = FALSE
	EndGlobalSection
	GlobalSection(ExtensibilityGlobals) = postSolution
		SolutionGuid = {CC03C9AA-003D-4ECD-9DE5-2F6B17F98D5D}
	EndGlobalSection
EndGlobal
